
Microsoft Visual Studio Solution File, Format Version 12.00
# Visual Studio Version 17
VisualStudioVersion = 17.14.36705.20 d17.14
MinimumVisualStudioVersion = 10.0.40219.1
Project("{FAE04EC0-301F-11D3-BF4B-00C04F79EFBC}") = "progettoTest1", "progettoTest1\progettoTest1.csproj", "{81433C13-0984-449B-B404-29AD42DA316B}"
EndProject
Project("{FAE04EC0-301F-11D3-BF4B-00C04F79EFBC}") = "TestProject1", "TestProject1\TestProject1.csproj", "{DBBD008B-B037-44F7-8FBB-EDF1C3CAE6AD}"
EndProject
Global
	GlobalSection(SolutionConfigurationPlatforms) = preSolution
		Debug|Any CPU = Debug|Any CPU
		Release|Any CPU = Release|Any CPU
	EndGlobalSection
	GlobalSection(ProjectConfigurationPlatforms) = postSolution
		{81433C13-0984-449B-B404-29AD42DA316B}.Debug|Any CPU.ActiveCfg = Debug|Any CPU
		{81433C13-0984-449B-B404-29AD42DA316B}.Debug|Any CPU.Build.0 = Debug|Any CPU
		{81433C13-0984-449B-B404-29AD42DA316B}.Release|Any CPU.ActiveCfg = Release|Any CPU
		{81433C13-0984-449B-B404-29AD42DA316B}.Release|Any CPU.Build.0 = Release|Any CPU
		{DBBD008B-B037-44F7-8FBB-EDF1C3CAE6AD}.Debug|Any CPU.ActiveCfg = Debug|Any CPU
		{DBBD008B-B037-44F7-8FBB-EDF1C3CAE6AD}.Debug|Any CPU.Build.0 = Debug|Any CPU
		{DBBD008B-B037-44F7-8FBB-EDF1C3CAE6AD}.Release|Any CPU.ActiveCfg = Release|Any CPU
		{DBBD008B-B037-44F7-8FBB-EDF1C3CAE6AD}.Release|Any CPU.Build.0 = Release|Any CPU
	EndGlobalSection
	GlobalSection(SolutionProperties) = preSolution
		HideSolutionNode = FALSE
	EndGlobalSection
	GlobalSection(ExtensibilityGlobals) = postSolution
		SolutionGuid = {960CFEC5-EF43-4549-BE97-4A018D16185B}
	EndGlobalSection
EndGlobal
